// !$*UTF8*$!
{
	archiveVersion = 1;
	classes = {
	};
	objectVersion = 50;
	objects = {

/* Begin PBXBuildFile section */
		2D1DF0DB24887E1E00965948 /* DiskFileCache.m in Sources */ = {isa = PBXBuildFile; fileRef = 2D1DF0DA24887E1E00965948 /* DiskFileCache.m */; };
		2DBD52DA2487694600DBE50C /* AppDelegate.m in Sources */ = {isa = PBXBuildFile; fileRef = 2DBD52D92487694600DBE50C /* AppDelegate.m */; };
		2DBD52E02487694600DBE50C /* ViewController.m in Sources */ = {isa = PBXBuildFile; fileRef = 2DBD52DF2487694600DBE50C /* ViewController.m */; };
		2DBD52E32487694600DBE50C /* Main.storyboard in Resources */ = {isa = PBXBuildFile; fileRef = 2DBD52E12487694600DBE50C /* Main.storyboard */; };
		2DBD52E52487694900DBE50C /* Assets.xcassets in Resources */ = {isa = PBXBuildFile; fileRef = 2DBD52E42487694900DBE50C /* Assets.xcassets */; };
		2DBD52E82487694900DBE50C /* LaunchScreen.storyboard in Resources */ = {isa = PBXBuildFile; fileRef = 2DBD52E62487694900DBE50C /* LaunchScreen.storyboard */; };
		2DBD52EB2487694900DBE50C /* main.m in Sources */ = {isa = PBXBuildFile; fileRef = 2DBD52EA2487694900DBE50C /* main.m */; };
		2DBD52F52487694A00DBE50C /* quickH5Tests.m in Sources */ = {isa = PBXBuildFile; fileRef = 2DBD52F42487694A00DBE50C /* quickH5Tests.m */; };
		2DBD53002487694A00DBE50C /* quickH5UITests.m in Sources */ = {isa = PBXBuildFile; fileRef = 2DBD52FF2487694A00DBE50C /* quickH5UITests.m */; };
		2DBD530F2487697000DBE50C /* WebKit.framework in Frameworks */ = {isa = PBXBuildFile; fileRef = 2DBD530E2487697000DBE50C /* WebKit.framework */; };
		2DBD531524876B9800DBE50C /* WebViewReusePool.m in Sources */ = {isa = PBXBuildFile; fileRef = 2DBD531424876B9800DBE50C /* WebViewReusePool.m */; };
		2DBD531824876F4300DBE50C /* ReuseWebView.m in Sources */ = {isa = PBXBuildFile; fileRef = 2DBD531724876F4300DBE50C /* ReuseWebView.m */; };
		2DBD53212487776400DBE50C /* CustomURLSchemeHandler.m in Sources */ = {isa = PBXBuildFile; fileRef = 2DBD53202487776400DBE50C /* CustomURLSchemeHandler.m */; };
		2DBD53272487855100DBE50C /* NSString+Util.m in Sources */ = {isa = PBXBuildFile; fileRef = 2DBD53262487855100DBE50C /* NSString+Util.m */; };
		2DBD53292487874E00DBE50C /* CoreServices.framework in Frameworks */ = {isa = PBXBuildFile; fileRef = 2DBD53282487874E00DBE50C /* CoreServices.framework */; };
		2DBD532C24878E9A00DBE50C /* MemoryCache.m in Sources */ = {isa = PBXBuildFile; fileRef = 2DBD532B24878E9A00DBE50C /* MemoryCache.m */; };
		2DBD53302487AE4000DBE50C /* H5ResourceCache.m in Sources */ = {isa = PBXBuildFile; fileRef = 2DBD532F2487AE4000DBE50C /* H5ResourceCache.m */; };
		E9C2F9CF3D63C2BED624A030 /* libPods-quickH5.a in Frameworks */ = {isa = PBXBuildFile; fileRef = 7555DEB38D759951DF6B8884 /* libPods-quickH5.a */; };
/* End PBXBuildFile section */

/* Begin PBXContainerItemProxy section */
		2DBD52F12487694A00DBE50C /* PBXContainerItemProxy */ = {
			isa = PBXContainerItemProxy;
			containerPortal = 2DBD52CD2487694600DBE50C /* Project object */;
			proxyType = 1;
			remoteGlobalIDString = 2DBD52D42487694600DBE50C;
			remoteInfo = quickH5;
		};
		2DBD52FC2487694A00DBE50C /* PBXContainerItemProxy */ = {
			isa = PBXContainerItemProxy;
			containerPortal = 2DBD52CD2487694600DBE50C /* Project object */;
			proxyType = 1;
			remoteGlobalIDString = 2DBD52D42487694600DBE50C;
			remoteInfo = quickH5;
		};
/* End PBXContainerItemProxy section */

/* Begin PBXFileReference section */
		1AD891270866A34E25FBF2CF /* Pods-quickH5.debug.xcconfig */ = {isa = PBXFileReference; includeInIndex = 1; lastKnownFileType = text.xcconfig; name = "Pods-quickH5.debug.xcconfig"; path = "Target Support Files/Pods-quickH5/Pods-quickH5.debug.xcconfig"; sourceTree = "<group>"; };
		2D1DF0D924887E1E00965948 /* DiskFileCache.h */ = {isa = PBXFileReference; lastKnownFileType = sourcecode.c.h; path = DiskFileCache.h; sourceTree = "<group>"; };
		2D1DF0DA24887E1E00965948 /* DiskFileCache.m */ = {isa = PBXFileReference; lastKnownFileType = sourcecode.c.objc; path = DiskFileCache.m; sourceTree = "<group>"; };
		2DBD52D52487694600DBE50C /* quickH5.app */ = {isa = PBXFileReference; explicitFileType = wrapper.application; includeInIndex = 0; path = quickH5.app; sourceTree = BUILT_PRODUCTS_DIR; };
		2DBD52D82487694600DBE50C /* AppDelegate.h */ = {isa = PBXFileReference; lastKnownFileType = sourcecode.c.h; path = AppDelegate.h; sourceTree = "<group>"; };
		2DBD52D92487694600DBE50C /* AppDelegate.m */ = {isa = PBXFileReference; lastKnownFileType = sourcecode.c.objc; path = AppDelegate.m; sourceTree = "<group>"; };
		2DBD52DE2487694600DBE50C /* ViewController.h */ = {isa = PBXFileReference; lastKnownFileType = sourcecode.c.h; path = ViewController.h; sourceTree = "<group>"; };
		2DBD52DF2487694600DBE50C /* ViewController.m */ = {isa = PBXFileReference; lastKnownFileType = sourcecode.c.objc; path = ViewController.m; sourceTree = "<group>"; };
		2DBD52E22487694600DBE50C /* Base */ = {isa = PBXFileReference; lastKnownFileType = file.storyboard; name = Base; path = Base.lproj/Main.storyboard; sourceTree = "<group>"; };
		2DBD52E42487694900DBE50C /* Assets.xcassets */ = {isa = PBXFileReference; lastKnownFileType = folder.assetcatalog; path = Assets.xcassets; sourceTree = "<group>"; };
		2DBD52E72487694900DBE50C /* Base */ = {isa = PBXFileReference; lastKnownFileType = file.storyboard; name = Base; path = Base.lproj/LaunchScreen.storyboard; sourceTree = "<group>"; };
		2DBD52E92487694900DBE50C /* Info.plist */ = {isa = PBXFileReference; lastKnownFileType = text.plist.xml; path = Info.plist; sourceTree = "<group>"; };
		2DBD52EA2487694900DBE50C /* main.m */ = {isa = PBXFileReference; lastKnownFileType = sourcecode.c.objc; path = main.m; sourceTree = "<group>"; };
		2DBD52F02487694A00DBE50C /* quickH5Tests.xctest */ = {isa = PBXFileReference; explicitFileType = wrapper.cfbundle; includeInIndex = 0; path = quickH5Tests.xctest; sourceTree = BUILT_PRODUCTS_DIR; };
		2DBD52F42487694A00DBE50C /* quickH5Tests.m */ = {isa = PBXFileReference; lastKnownFileType = sourcecode.c.objc; path = quickH5Tests.m; sourceTree = "<group>"; };
		2DBD52F62487694A00DBE50C /* Info.plist */ = {isa = PBXFileReference; lastKnownFileType = text.plist.xml; path = Info.plist; sourceTree = "<group>"; };
		2DBD52FB2487694A00DBE50C /* quickH5UITests.xctest */ = {isa = PBXFileReference; explicitFileType = wrapper.cfbundle; includeInIndex = 0; path = quickH5UITests.xctest; sourceTree = BUILT_PRODUCTS_DIR; };
		2DBD52FF2487694A00DBE50C /* quickH5UITests.m */ = {isa = PBXFileReference; lastKnownFileType = sourcecode.c.objc; path = quickH5UITests.m; sourceTree = "<group>"; };
		2DBD53012487694A00DBE50C /* Info.plist */ = {isa = PBXFileReference; lastKnownFileType = text.plist.xml; path = Info.plist; sourceTree = "<group>"; };
		2DBD530E2487697000DBE50C /* WebKit.framework */ = {isa = PBXFileReference; lastKnownFileType = wrapper.framework; name = WebKit.framework; path = System/Library/Frameworks/WebKit.framework; sourceTree = SDKROOT; };
		2DBD531324876B9800DBE50C /* WebViewReusePool.h */ = {isa = PBXFileReference; lastKnownFileType = sourcecode.c.h; path = WebViewReusePool.h; sourceTree = "<group>"; };
		2DBD531424876B9800DBE50C /* WebViewReusePool.m */ = {isa = PBXFileReference; lastKnownFileType = sourcecode.c.objc; path = WebViewReusePool.m; sourceTree = "<group>"; };
		2DBD531624876F4300DBE50C /* ReuseWebView.h */ = {isa = PBXFileReference; lastKnownFileType = sourcecode.c.h; path = ReuseWebView.h; sourceTree = "<group>"; };
		2DBD531724876F4300DBE50C /* ReuseWebView.m */ = {isa = PBXFileReference; lastKnownFileType = sourcecode.c.objc; path = ReuseWebView.m; sourceTree = "<group>"; };
		2DBD531F2487776400DBE50C /* CustomURLSchemeHandler.h */ = {isa = PBXFileReference; lastKnownFileType = sourcecode.c.h; path = CustomURLSchemeHandler.h; sourceTree = "<group>"; };
		2DBD53202487776400DBE50C /* CustomURLSchemeHandler.m */ = {isa = PBXFileReference; lastKnownFileType = sourcecode.c.objc; path = CustomURLSchemeHandler.m; sourceTree = "<group>"; };
		2DBD53252487855100DBE50C /* NSString+Util.h */ = {isa = PBXFileReference; lastKnownFileType = sourcecode.c.h; path = "NSString+Util.h"; sourceTree = "<group>"; };
		2DBD53262487855100DBE50C /* NSString+Util.m */ = {isa = PBXFileReference; lastKnownFileType = sourcecode.c.objc; path = "NSString+Util.m"; sourceTree = "<group>"; };
		2DBD53282487874E00DBE50C /* CoreServices.framework */ = {isa = PBXFileReference; lastKnownFileType = wrapper.framework; name = CoreServices.framework; path = System/Library/Frameworks/CoreServices.framework; sourceTree = SDKROOT; };
		2DBD532A24878E9A00DBE50C /* MemoryCache.h */ = {isa = PBXFileReference; lastKnownFileType = sourcecode.c.h; path = MemoryCache.h; sourceTree = "<group>"; };
		2DBD532B24878E9A00DBE50C /* MemoryCache.m */ = {isa = PBXFileReference; lastKnownFileType = sourcecode.c.objc; path = MemoryCache.m; sourceTree = "<group>"; };
		2DBD532D2487ABE700DBE50C /* CacheProtocol.h */ = {isa = PBXFileReference; lastKnownFileType = sourcecode.c.h; path = CacheProtocol.h; sourceTree = "<group>"; };
		2DBD532E2487AE4000DBE50C /* H5ResourceCache.h */ = {isa = PBXFileReference; lastKnownFileType = sourcecode.c.h; path = H5ResourceCache.h; sourceTree = "<group>"; };
		2DBD532F2487AE4000DBE50C /* H5ResourceCache.m */ = {isa = PBXFileReference; lastKnownFileType = sourcecode.c.objc; path = H5ResourceCache.m; sourceTree = "<group>"; };
		7555DEB38D759951DF6B8884 /* libPods-quickH5.a */ = {isa = PBXFileReference; explicitFileType = archive.ar; includeInIndex = 0; path = "libPods-quickH5.a"; sourceTree = BUILT_PRODUCTS_DIR; };
		8D25917FE41BF7B16A50EC77 /* Pods-quickH5.release.xcconfig */ = {isa = PBXFileReference; includeInIndex = 1; lastKnownFileType = text.xcconfig; name = "Pods-quickH5.release.xcconfig"; path = "Target Support Files/Pods-quickH5/Pods-quickH5.release.xcconfig"; sourceTree = "<group>"; };
/* End PBXFileReference section */

/* Begin PBXFrameworksBuildPhase section */
		2DBD52D22487694600DBE50C /* Frameworks */ = {
			isa = PBXFrameworksBuildPhase;
			buildActionMask = 2147483647;
			files = (
				2DBD53292487874E00DBE50C /* CoreServices.framework in Frameworks */,
				2DBD530F2487697000DBE50C /* WebKit.framework in Frameworks */,
				E9C2F9CF3D63C2BED624A030 /* libPods-quickH5.a in Frameworks */,
			);
			runOnlyForDeploymentPostprocessing = 0;
		};
		2DBD52ED2487694A00DBE50C /* Frameworks */ = {
			isa = PBXFrameworksBuildPhase;
			buildActionMask = 2147483647;
			files = (
			);
			runOnlyForDeploymentPostprocessing = 0;
		};
		2DBD52F82487694A00DBE50C /* Frameworks */ = {
			isa = PBXFrameworksBuildPhase;
			buildActionMask = 2147483647;
			files = (
			);
			runOnlyForDeploymentPostprocessing = 0;
		};
/* End PBXFrameworksBuildPhase section */

/* Begin PBXGroup section */
		0AE592757BA890DDFE4326AA /* Pods */ = {
			isa = PBXGroup;
			children = (
				1AD891270866A34E25FBF2CF /* Pods-quickH5.debug.xcconfig */,
				8D25917FE41BF7B16A50EC77 /* Pods-quickH5.release.xcconfig */,
			);
			path = Pods;
			sourceTree = "<group>";
		};
		2DBD52CC2487694600DBE50C = {
			isa = PBXGroup;
			children = (
				2DBD52D72487694600DBE50C /* quickH5 */,
				2DBD52F32487694A00DBE50C /* quickH5Tests */,
				2DBD52FE2487694A00DBE50C /* quickH5UITests */,
				2DBD52D62487694600DBE50C /* Products */,
				2DBD530D2487697000DBE50C /* Frameworks */,
				0AE592757BA890DDFE4326AA /* Pods */,
			);
			sourceTree = "<group>";
		};
		2DBD52D62487694600DBE50C /* Products */ = {
			isa = PBXGroup;
			children = (
				2DBD52D52487694600DBE50C /* quickH5.app */,
				2DBD52F02487694A00DBE50C /* quickH5Tests.xctest */,
				2DBD52FB2487694A00DBE50C /* quickH5UITests.xctest */,
			);
			name = Products;
			sourceTree = "<group>";
		};
		2DBD52D72487694600DBE50C /* quickH5 */ = {
			isa = PBXGroup;
			children = (
				2DBD52D82487694600DBE50C /* AppDelegate.h */,
				2DBD52D92487694600DBE50C /* AppDelegate.m */,
				2DBD52DE2487694600DBE50C /* ViewController.h */,
				2DBD52DF2487694600DBE50C /* ViewController.m */,
				2DBD531324876B9800DBE50C /* WebViewReusePool.h */,
				2DBD531424876B9800DBE50C /* WebViewReusePool.m */,
				2DBD531624876F4300DBE50C /* ReuseWebView.h */,
				2DBD531724876F4300DBE50C /* ReuseWebView.m */,
				2DBD531F2487776400DBE50C /* CustomURLSchemeHandler.h */,
				2DBD53202487776400DBE50C /* CustomURLSchemeHandler.m */,
				2DBD532D2487ABE700DBE50C /* CacheProtocol.h */,
				2DBD532A24878E9A00DBE50C /* MemoryCache.h */,
				2DBD532B24878E9A00DBE50C /* MemoryCache.m */,
				2DBD532E2487AE4000DBE50C /* H5ResourceCache.h */,
				2DBD532F2487AE4000DBE50C /* H5ResourceCache.m */,
				2D1DF0D924887E1E00965948 /* DiskFileCache.h */,
				2D1DF0DA24887E1E00965948 /* DiskFileCache.m */,
				2DBD53252487855100DBE50C /* NSString+Util.h */,
				2DBD53262487855100DBE50C /* NSString+Util.m */,
				2DBD52E12487694600DBE50C /* Main.storyboard */,
				2DBD52E42487694900DBE50C /* Assets.xcassets */,
				2DBD52E62487694900DBE50C /* LaunchScreen.storyboard */,
				2DBD52E92487694900DBE50C /* Info.plist */,
				2DBD52EA2487694900DBE50C /* main.m */,
			);
			path = quickH5;
			sourceTree = "<group>";
		};
		2DBD52F32487694A00DBE50C /* quickH5Tests */ = {
			isa = PBXGroup;
			children = (
				2DBD52F42487694A00DBE50C /* quickH5Tests.m */,
				2DBD52F62487694A00DBE50C /* Info.plist */,
			);
			path = quickH5Tests;
			sourceTree = "<group>";
		};
		2DBD52FE2487694A00DBE50C /* quickH5UITests */ = {
			isa = PBXGroup;
			children = (
				2DBD52FF2487694A00DBE50C /* quickH5UITests.m */,
				2DBD53012487694A00DBE50C /* Info.plist */,
			);
			path = quickH5UITests;
			sourceTree = "<group>";
		};
		2DBD530D2487697000DBE50C /* Frameworks */ = {
			isa = PBXGroup;
			children = (
				2DBD53282487874E00DBE50C /* CoreServices.framework */,
				2DBD530E2487697000DBE50C /* WebKit.framework */,
				7555DEB38D759951DF6B8884 /* libPods-quickH5.a */,
			);
			name = Frameworks;
			sourceTree = "<group>";
		};
/* End PBXGroup section */

/* Begin PBXNativeTarget section */
		2DBD52D42487694600DBE50C /* quickH5 */ = {
			isa = PBXNativeTarget;
			buildConfigurationList = 2DBD53042487694A00DBE50C /* Build configuration list for PBXNativeTarget "quickH5" */;
			buildPhases = (
				E6E32F872CAC999563B2DDDD /* [CP] Check Pods Manifest.lock */,
				2DBD52D12487694600DBE50C /* Sources */,
				2DBD52D22487694600DBE50C /* Frameworks */,
				2DBD52D32487694600DBE50C /* Resources */,
			);
			buildRules = (
			);
			dependencies = (
			);
			name = quickH5;
			productName = quickH5;
			productReference = 2DBD52D52487694600DBE50C /* quickH5.app */;
			productType = "com.apple.product-type.application";
		};
		2DBD52EF2487694A00DBE50C /* quickH5Tests */ = {
			isa = PBXNativeTarget;
			buildConfigurationList = 2DBD53072487694A00DBE50C /* Build configuration list for PBXNativeTarget "quickH5Tests" */;
			buildPhases = (
				2DBD52EC2487694A00DBE50C /* Sources */,
				2DBD52ED2487694A00DBE50C /* Frameworks */,
				2DBD52EE2487694A00DBE50C /* Resources */,
			);
			buildRules = (
			);
			dependencies = (
				2DBD52F22487694A00DBE50C /* PBXTargetDependency */,
			);
			name = quickH5Tests;
			productName = quickH5Tests;
			productReference = 2DBD52F02487694A00DBE50C /* quickH5Tests.xctest */;
			productType = "com.apple.product-type.bundle.unit-test";
		};
		2DBD52FA2487694A00DBE50C /* quickH5UITests */ = {
			isa = PBXNativeTarget;
			buildConfigurationList = 2DBD530A2487694A00DBE50C /* Build configuration list for PBXNativeTarget "quickH5UITests" */;
			buildPhases = (
				2DBD52F72487694A00DBE50C /* Sources */,
				2DBD52F82487694A00DBE50C /* Frameworks */,
				2DBD52F92487694A00DBE50C /* Resources */,
			);
			buildRules = (
			);
			dependencies = (
				2DBD52FD2487694A00DBE50C /* PBXTargetDependency */,
			);
			name = quickH5UITests;
			productName = quickH5UITests;
			productReference = 2DBD52FB2487694A00DBE50C /* quickH5UITests.xctest */;
			productType = "com.apple.product-type.bundle.ui-testing";
		};
/* End PBXNativeTarget section */

/* Begin PBXProject section */
		2DBD52CD2487694600DBE50C /* Project object */ = {
			isa = PBXProject;
			attributes = {
				LastUpgradeCheck = 1150;
				ORGANIZATIONNAME = Gaobin;
				TargetAttributes = {
					2DBD52D42487694600DBE50C = {
						CreatedOnToolsVersion = 11.5;
					};
					2DBD52EF2487694A00DBE50C = {
						CreatedOnToolsVersion = 11.5;
						TestTargetID = 2DBD52D42487694600DBE50C;
					};
					2DBD52FA2487694A00DBE50C = {
						CreatedOnToolsVersion = 11.5;
						TestTargetID = 2DBD52D42487694600DBE50C;
					};
				};
			};
			buildConfigurationList = 2DBD52D02487694600DBE50C /* Build configuration list for PBXProject "quickH5" */;
			compatibilityVersion = "Xcode 9.3";
			developmentRegion = en;
			hasScannedForEncodings = 0;
			knownRegions = (
				en,
				Base,
			);
			mainGroup = 2DBD52CC2487694600DBE50C;
			productRefGroup = 2DBD52D62487694600DBE50C /* Products */;
			projectDirPath = "";
			projectRoot = "";
			targets = (
				2DBD52D42487694600DBE50C /* quickH5 */,
				2DBD52EF2487694A00DBE50C /* quickH5Tests */,
				2DBD52FA2487694A00DBE50C /* quickH5UITests */,
			);
		};
/* End PBXProject section */

/* Begin PBXResourcesBuildPhase section */
		2DBD52D32487694600DBE50C /* Resources */ = {
			isa = PBXResourcesBuildPhase;
			buildActionMask = 2147483647;
			files = (
				2DBD52E82487694900DBE50C /* LaunchScreen.storyboard in Resources */,
				2DBD52E52487694900DBE50C /* Assets.xcassets in Resources */,
				2DBD52E32487694600DBE50C /* Main.storyboard in Resources */,
			);
			runOnlyForDeploymentPostprocessing = 0;
		};
		2DBD52EE2487694A00DBE50C /* Resources */ = {
			isa = PBXResourcesBuildPhase;
			buildActionMask = 2147483647;
			files = (
			);
			runOnlyForDeploymentPostprocessing = 0;
		};
		2DBD52F92487694A00DBE50C /* Resources */ = {
			isa = PBXResourcesBuildPhase;
			buildActionMask = 2147483647;
			files = (
			);
			runOnlyForDeploymentPostprocessing = 0;
		};
/* End PBXResourcesBuildPhase section */

/* Begin PBXShellScriptBuildPhase section */
		E6E32F872CAC999563B2DDDD /* [CP] Check Pods Manifest.lock */ = {
			isa = PBXShellScriptBuildPhase;
			buildActionMask = 2147483647;
			files = (
			);
			inputFileListPaths = (
			);
			inputPaths = (
				"${PODS_PODFILE_DIR_PATH}/Podfile.lock",
				"${PODS_ROOT}/Manifest.lock",
			);
			name = "[CP] Check Pods Manifest.lock";
			outputFileListPaths = (
			);
			outputPaths = (
				"$(DERIVED_FILE_DIR)/Pods-quickH5-checkManifestLockResult.txt",
			);
			runOnlyForDeploymentPostprocessing = 0;
			shellPath = /bin/sh;
			shellScript = "diff \"${PODS_PODFILE_DIR_PATH}/Podfile.lock\" \"${PODS_ROOT}/Manifest.lock\" > /dev/null\nif [ $? != 0 ] ; then\n    # print error to STDERR\n    echo \"error: The sandbox is not in sync with the Podfile.lock. Run 'pod install' or update your CocoaPods installation.\" >&2\n    exit 1\nfi\n# This output is used by Xcode 'outputs' to avoid re-running this script phase.\necho \"SUCCESS\" > \"${SCRIPT_OUTPUT_FILE_0}\"\n";
			showEnvVarsInLog = 0;
		};
/* End PBXShellScriptBuildPhase section */

/* Begin PBXSourcesBuildPhase section */
		2DBD52D12487694600DBE50C /* Sources */ = {
			isa = PBXSourcesBuildPhase;
			buildActionMask = 2147483647;
			files = (
				2DBD531524876B9800DBE50C /* WebViewReusePool.m in Sources */,
				2DBD52E02487694600DBE50C /* ViewController.m in Sources */,
				2DBD53302487AE4000DBE50C /* H5ResourceCache.m in Sources */,
				2DBD52DA2487694600DBE50C /* AppDelegate.m in Sources */,
				2DBD53272487855100DBE50C /* NSString+Util.m in Sources */,
				2D1DF0DB24887E1E00965948 /* DiskFileCache.m in Sources */,
				2DBD53212487776400DBE50C /* CustomURLSchemeHandler.m in Sources */,
				2DBD531824876F4300DBE50C /* ReuseWebView.m in Sources */,
				2DBD52EB2487694900DBE50C /* main.m in Sources */,
				2DBD532C24878E9A00DBE50C /* MemoryCache.m in Sources */,
			);
			runOnlyForDeploymentPostprocessing = 0;
		};
		2DBD52EC2487694A00DBE50C /* Sources */ = {
			isa = PBXSourcesBuildPhase;
			buildActionMask = 2147483647;
			files = (
				2DBD52F52487694A00DBE50C /* quickH5Tests.m in Sources */,
			);
			runOnlyForDeploymentPostprocessing = 0;
		};
		2DBD52F72487694A00DBE50C /* Sources */ = {
			isa = PBXSourcesBuildPhase;
			buildActionMask = 2147483647;
			files = (
				2DBD53002487694A00DBE50C /* quickH5UITests.m in Sources */,
			);
			runOnlyForDeploymentPostprocessing = 0;
		};
/* End PBXSourcesBuildPhase section */

/* Begin PBXTargetDependency section */
		2DBD52F22487694A00DBE50C /* PBXTargetDependency */ = {
			isa = PBXTargetDependency;
			target = 2DBD52D42487694600DBE50C /* quickH5 */;
			targetProxy = 2DBD52F12487694A00DBE50C /* PBXContainerItemProxy */;
		};
		2DBD52FD2487694A00DBE50C /* PBXTargetDependency */ = {
			isa = PBXTargetDependency;
			target = 2DBD52D42487694600DBE50C /* quickH5 */;
			targetProxy = 2DBD52FC2487694A00DBE50C /* PBXContainerItemProxy */;
		};
/* End PBXTargetDependency section */

/* Begin PBXVariantGroup section */
		2DBD52E12487694600DBE50C /* Main.storyboard */ = {
			isa = PBXVariantGroup;
			children = (
				2DBD52E22487694600DBE50C /* Base */,
			);
			name = Main.storyboard;
			sourceTree = "<group>";
		};
		2DBD52E62487694900DBE50C /* LaunchScreen.storyboard */ = {
			isa = PBXVariantGroup;
			children = (
				2DBD52E72487694900DBE50C /* Base */,
			);
			name = LaunchScreen.storyboard;
			sourceTree = "<group>";
		};
/* End PBXVariantGroup section */

/* Begin XCBuildConfiguration section */
		2DBD53022487694A00DBE50C /* Debug */ = {
			isa = XCBuildConfiguration;
			buildSettings = {
				ALWAYS_SEARCH_USER_PATHS = NO;
				CLANG_ANALYZER_NONNULL = YES;
				CLANG_ANALYZER_NUMBER_OBJECT_CONVERSION = YES_AGGRESSIVE;
				CLANG_CXX_LANGUAGE_STANDARD = "gnu++14";
				CLANG_CXX_LIBRARY = "libc++";
				CLANG_ENABLE_MODULES = YES;
				CLANG_ENABLE_OBJC_ARC = YES;
				CLANG_ENABLE_OBJC_WEAK = YES;
				CLANG_WARN_BLOCK_CAPTURE_AUTORELEASING = YES;
				CLANG_WARN_BOOL_CONVERSION = YES;
				CLANG_WARN_COMMA = YES;
				CLANG_WARN_CONSTANT_CONVERSION = YES;
				CLANG_WARN_DEPRECATED_OBJC_IMPLEMENTATIONS = YES;
				CLANG_WARN_DIRECT_OBJC_ISA_USAGE = YES_ERROR;
				CLANG_WARN_DOCUMENTATION_COMMENTS = YES;
				CLANG_WARN_EMPTY_BODY = YES;
				CLANG_WARN_ENUM_CONVERSION = YES;
				CLANG_WARN_INFINITE_RECURSION = YES;
				CLANG_WARN_INT_CONVERSION = YES;
				CLANG_WARN_NON_LITERAL_NULL_CONVERSION = YES;
				CLANG_WARN_OBJC_IMPLICIT_RETAIN_SELF = YES;
				CLANG_WARN_OBJC_LITERAL_CONVERSION = YES;
				CLANG_WARN_OBJC_ROOT_CLASS = YES_ERROR;
				CLANG_WARN_RANGE_LOOP_ANALYSIS = YES;
				CLANG_WARN_STRICT_PROTOTYPES = YES;
				CLANG_WARN_SUSPICIOUS_MOVE = YES;
				CLANG_WARN_UNGUARDED_AVAILABILITY = YES_AGGRESSIVE;
				CLANG_WARN_UNREACHABLE_CODE = YES;
				CLANG_WARN__DUPLICATE_METHOD_MATCH = YES;
				COPY_PHASE_STRIP = NO;
				DEBUG_INFORMATION_FORMAT = dwarf;
				ENABLE_STRICT_OBJC_MSGSEND = YES;
				ENABLE_TESTABILITY = YES;
				GCC_C_LANGUAGE_STANDARD = gnu11;
				GCC_DYNAMIC_NO_PIC = NO;
				GCC_NO_COMMON_BLOCKS = YES;
				GCC_OPTIMIZATION_LEVEL = 0;
				GCC_PREPROCESSOR_DEFINITIONS = (
					"DEBUG=1",
					"$(inherited)",
				);
				GCC_WARN_64_TO_32_BIT_CONVERSION = YES;
				GCC_WARN_ABOUT_RETURN_TYPE = YES_ERROR;
				GCC_WARN_UNDECLARED_SELECTOR = YES;
				GCC_WARN_UNINITIALIZED_AUTOS = YES_AGGRESSIVE;
				GCC_WARN_UNUSED_FUNCTION = YES;
				GCC_WARN_UNUSED_VARIABLE = YES;
				IPHONEOS_DEPLOYMENT_TARGET = 9.0;
				MTL_ENABLE_DEBUG_INFO = INCLUDE_SOURCE;
				MTL_FAST_MATH = YES;
				ONLY_ACTIVE_ARCH = YES;
				SDKROOT = iphoneos;
			};
			name = Debug;
		};
		2DBD53032487694A00DBE50C /* Release */ = {
			isa = XCBuildConfiguration;
			buildSettings = {
				ALWAYS_SEARCH_USER_PATHS = NO;
				CLANG_ANALYZER_NONNULL = YES;
				CLANG_ANALYZER_NUMBER_OBJECT_CONVERSION = YES_AGGRESSIVE;
				CLANG_CXX_LANGUAGE_STANDARD = "gnu++14";
				CLANG_CXX_LIBRARY = "libc++";
				CLANG_ENABLE_MODULES = YES;
				CLANG_ENABLE_OBJC_ARC = YES;
				CLANG_ENABLE_OBJC_WEAK = YES;
				CLANG_WARN_BLOCK_CAPTURE_AUTORELEASING = YES;
				CLANG_WARN_BOOL_CONVERSION = YES;
				CLANG_WARN_COMMA = YES;
				CLANG_WARN_CONSTANT_CONVERSION = YES;
				CLANG_WARN_DEPRECATED_OBJC_IMPLEMENTATIONS = YES;
				CLANG_WARN_DIRECT_OBJC_ISA_USAGE = YES_ERROR;
				CLANG_WARN_DOCUMENTATION_COMMENTS = YES;
				CLANG_WARN_EMPTY_BODY = YES;
				CLANG_WARN_ENUM_CONVERSION = YES;
				CLANG_WARN_INFINITE_RECURSION = YES;
				CLANG_WARN_INT_CONVERSION = YES;
				CLANG_WARN_NON_LITERAL_NULL_CONVERSION = YES;
				CLANG_WARN_OBJC_IMPLICIT_RETAIN_SELF = YES;
				CLANG_WARN_OBJC_LITERAL_CONVERSION = YES;
				CLANG_WARN_OBJC_ROOT_CLASS = YES_ERROR;
				CLANG_WARN_RANGE_LOOP_ANALYSIS = YES;
				CLANG_WARN_STRICT_PROTOTYPES = YES;
				CLANG_WARN_SUSPICIOUS_MOVE = YES;
				CLANG_WARN_UNGUARDED_AVAILABILITY = YES_AGGRESSIVE;
				CLANG_WARN_UNREACHABLE_CODE = YES;
				CLANG_WARN__DUPLICATE_METHOD_MATCH = YES;
				COPY_PHASE_STRIP = NO;
				DEBUG_INFORMATION_FORMAT = "dwarf-with-dsym";
				ENABLE_NS_ASSERTIONS = NO;
				ENABLE_STRICT_OBJC_MSGSEND = YES;
				GCC_C_LANGUAGE_STANDARD = gnu11;
				GCC_NO_COMMON_BLOCKS = YES;
				GCC_WARN_64_TO_32_BIT_CONVERSION = YES;
				GCC_WARN_ABOUT_RETURN_TYPE = YES_ERROR;
				GCC_WARN_UNDECLARED_SELECTOR = YES;
				GCC_WARN_UNINITIALIZED_AUTOS = YES_AGGRESSIVE;
				GCC_WARN_UNUSED_FUNCTION = YES;
				GCC_WARN_UNUSED_VARIABLE = YES;
				IPHONEOS_DEPLOYMENT_TARGET = 9.0;
				MTL_ENABLE_DEBUG_INFO = NO;
				MTL_FAST_MATH = YES;
				SDKROOT = iphoneos;
				VALIDATE_PRODUCT = YES;
			};
			name = Release;
		};
		2DBD53052487694A00DBE50C /* Debug */ = {
			isa = XCBuildConfiguration;
			baseConfigurationReference = 1AD891270866A34E25FBF2CF /* Pods-quickH5.debug.xcconfig */;
			buildSettings = {
				ASSETCATALOG_COMPILER_APPICON_NAME = AppIcon;
				CODE_SIGN_STYLE = Automatic;
				DEVELOPMENT_TEAM = MX5XC6S3UM;
				INFOPLIST_FILE = quickH5/Info.plist;
				IPHONEOS_DEPLOYMENT_TARGET = 9.0;
				LD_RUNPATH_SEARCH_PATHS = (
					"$(inherited)",
					"@executable_path/Frameworks",
				);
				PRODUCT_BUNDLE_IDENTIFIER = cn.com.langeasy.ZdcQlisten.quickH5;
				PRODUCT_NAME = "$(TARGET_NAME)";
				TARGETED_DEVICE_FAMILY = "1,2";
			};
			name = Debug;
		};
		2DBD53062487694A00DBE50C /* Release */ = {
			isa = XCBuildConfiguration;
			baseConfigurationReference = 8D25917FE41BF7B16A50EC77 /* Pods-quickH5.release.xcconfig */;
			buildSettings = {
				ASSETCATALOG_COMPILER_APPICON_NAME = AppIcon;
				CODE_SIGN_STYLE = Automatic;
				DEVELOPMENT_TEAM = MX5XC6S3UM;
				INFOPLIST_FILE = quickH5/Info.plist;
				IPHONEOS_DEPLOYMENT_TARGET = 9.0;
				LD_RUNPATH_SEARCH_PATHS = (
					"$(inherited)",
					"@executable_path/Frameworks",
				);
				PRODUCT_BUNDLE_IDENTIFIER = cn.com.langeasy.ZdcQlisten.quickH5;
				PRODUCT_NAME = "$(TARGET_NAME)";
				TARGETED_DEVICE_FAMILY = "1,2";
			};
			name = Release;
		};
		2DBD53082487694A00DBE50C /* Debug */ = {
			isa = XCBuildConfiguration;
			buildSettings = {
				BUNDLE_LOADER = "$(TEST_HOST)";
				CODE_SIGN_STYLE = Automatic;
				DEVELOPMENT_TEAM = MX5XC6S3UM;
				INFOPLIST_FILE = quickH5Tests/Info.plist;
				IPHONEOS_DEPLOYMENT_TARGET = 13.5;
				LD_RUNPATH_SEARCH_PATHS = (
					"$(inherited)",
					"@executable_path/Frameworks",
					"@loader_path/Frameworks",
				);
				PRODUCT_BUNDLE_IDENTIFIER = cn.com.langeasy.ZdcQlisten.quickH5Tests;
				PRODUCT_NAME = "$(TARGET_NAME)";
				TARGETED_DEVICE_FAMILY = "1,2";
				TEST_HOST = "$(BUILT_PRODUCTS_DIR)/quickH5.app/quickH5";
			};
			name = Debug;
		};
		2DBD53092487694A00DBE50C /* Release */ = {
			isa = XCBuildConfiguration;
			buildSettings = {
				BUNDLE_LOADER = "$(TEST_HOST)";
				CODE_SIGN_STYLE = Automatic;
				DEVELOPMENT_TEAM = MX5XC6S3UM;
				INFOPLIST_FILE = quickH5Tests/Info.plist;
				IPHONEOS_DEPLOYMENT_TARGET = 13.5;
				LD_RUNPATH_SEARCH_PATHS = (
					"$(inherited)",
					"@executable_path/Frameworks",
					"@loader_path/Frameworks",
				);
				PRODUCT_BUNDLE_IDENTIFIER = cn.com.langeasy.ZdcQlisten.quickH5Tests;
				PRODUCT_NAME = "$(TARGET_NAME)";
				TARGETED_DEVICE_FAMILY = "1,2";
				TEST_HOST = "$(BUILT_PRODUCTS_DIR)/quickH5.app/quickH5";
			};
			name = Release;
		};
		2DBD530B2487694A00DBE50C /* Debug */ = {
			isa = XCBuildConfiguration;
			buildSettings = {
				CODE_SIGN_STYLE = Automatic;
				DEVELOPMENT_TEAM = MX5XC6S3UM;
				INFOPLIST_FILE = quickH5UITests/Info.plist;
				LD_RUNPATH_SEARCH_PATHS = (
					"$(inherited)",
					"@executable_path/Frameworks",
					"@loader_path/Frameworks",
				);
				PRODUCT_BUNDLE_IDENTIFIER = cn.com.langeasy.ZdcQlisten.quickH5UITests;
				PRODUCT_NAME = "$(TARGET_NAME)";
				TARGETED_DEVICE_FAMILY = "1,2";
				TEST_TARGET_NAME = quickH5;
			};
			name = Debug;
		};
		2DBD530C2487694A00DBE50C /* Release */ = {
			isa = XCBuildConfiguration;
			buildSettings = {
				CODE_SIGN_STYLE = Automatic;
				DEVELOPMENT_TEAM = MX5XC6S3UM;
				INFOPLIST_FILE = quickH5UITests/Info.plist;
				LD_RUNPATH_SEARCH_PATHS = (
					"$(inherited)",
					"@executable_path/Frameworks",
					"@loader_path/Frameworks",
				);
				PRODUCT_BUNDLE_IDENTIFIER = cn.com.langeasy.ZdcQlisten.quickH5UITests;
				PRODUCT_NAME = "$(TARGET_NAME)";
				TARGETED_DEVICE_FAMILY = "1,2";
				TEST_TARGET_NAME = quickH5;
			};
			name = Release;
		};
/* End XCBuildConfiguration section */

/* Begin XCConfigurationList section */
		2DBD52D02487694600DBE50C /* Build configuration list for PBXProject "quickH5" */ = {
			isa = XCConfigurationList;
			buildConfigurations = (
				2DBD53022487694A00DBE50C /* Debug */,
				2DBD53032487694A00DBE50C /* Release */,
			);
			defaultConfigurationIsVisible = 0;
			defaultConfigurationName = Release;
		};
		2DBD53042487694A00DBE50C /* Build configuration list for PBXNativeTarget "quickH5" */ = {
			isa = XCConfigurationList;
			buildConfigurations = (
				2DBD53052487694A00DBE50C /* Debug */,
				2DBD53062487694A00DBE50C /* Release */,
			);
			defaultConfigurationIsVisible = 0;
			defaultConfigurationName = Release;
		};
		2DBD53072487694A00DBE50C /* Build configuration list for PBXNativeTarget "quickH5Tests" */ = {
			isa = XCConfigurationList;
			buildConfigurations = (
				2DBD53082487694A00DBE50C /* Debug */,
				2DBD53092487694A00DBE50C /* Release */,
			);
			defaultConfigurationIsVisible = 0;
			defaultConfigurationName = Release;
		};
		2DBD530A2487694A00DBE50C /* Build configuration list for PBXNativeTarget "quickH5UITests" */ = {
			isa = XCConfigurationList;
			buildConfigurations = (
				2DBD530B2487694A00DBE50C /* Debug */,
				2DBD530C2487694A00DBE50C /* Release */,
			);
			defaultConfigurationIsVisible = 0;
			defaultConfigurationName = Release;
		};
/* End XCConfigurationList section */
	};
	rootObject = 2DBD52CD2487694600DBE50C /* Project object */;
}
